// !$*UTF8*$!
{
	archiveVersion = 1;
	classes = {
	};
	objectVersion = 56;
	objects = {

/* Begin PBXBuildFile section */
		A0422C502AE3A913005E9E97 /* Menus.swift in Sources */ = {isa = PBXBuildFile; fileRef = A0422C4F2AE3A913005E9E97 /* Menus.swift */; };
		A050DBD22ADC6BCB003A230D /* ClassroomApp.swift in Sources */ = {isa = PBXBuildFile; fileRef = A050DBD12ADC6BCB003A230D /* ClassroomApp.swift */; };
		A050DBD42ADC6BCB003A230D /* ContentView.swift in Sources */ = {isa = PBXBuildFile; fileRef = A050DBD32ADC6BCB003A230D /* ContentView.swift */; };
		A050DBD62ADC6BCC003A230D /* Assets.xcassets in Resources */ = {isa = PBXBuildFile; fileRef = A050DBD52ADC6BCC003A230D /* Assets.xcassets */; };
		A050DBDA2ADC6BCC003A230D /* Preview Assets.xcassets in Resources */ = {isa = PBXBuildFile; fileRef = A050DBD92ADC6BCC003A230D /* Preview Assets.xcassets */; };
		A050DBE12ADC6C0C003A230D /* Student.swift in Sources */ = {isa = PBXBuildFile; fileRef = A050DBE02ADC6C0C003A230D /* Student.swift */; };
		A050DBE32ADC6C12003A230D /* Class.swift in Sources */ = {isa = PBXBuildFile; fileRef = A050DBE22ADC6C12003A230D /* Class.swift */; };
		A050DBE62ADC6F3A003A230D /* Attendance.swift in Sources */ = {isa = PBXBuildFile; fileRef = A050DBE52ADC6F3A003A230D /* Attendance.swift */; };
		A050DBE82ADC7669003A230D /* ClassroomView.swift in Sources */ = {isa = PBXBuildFile; fileRef = A050DBE72ADC7669003A230D /* ClassroomView.swift */; };
		A050DBEA2ADC77B0003A230D /* CreateClassroomView.swift in Sources */ = {isa = PBXBuildFile; fileRef = A050DBE92ADC77B0003A230D /* CreateClassroomView.swift */; };
		A050DBEC2ADC78AB003A230D /* StudentView.swift in Sources */ = {isa = PBXBuildFile; fileRef = A050DBEB2ADC78AB003A230D /* StudentView.swift */; };
		A0C0265C2ADDAA3600E3CC81 /* EditClassroomView.swift in Sources */ = {isa = PBXBuildFile; fileRef = A0C0265B2ADDAA3600E3CC81 /* EditClassroomView.swift */; };
/* End PBXBuildFile section */

/* Begin PBXFileReference section */
		A0422C4F2AE3A913005E9E97 /* Menus.swift */ = {isa = PBXFileReference; lastKnownFileType = sourcecode.swift; path = Menus.swift; sourceTree = "<group>"; };
		A050DBCE2ADC6BCB003A230D /* Classroom.app */ = {isa = PBXFileReference; explicitFileType = wrapper.application; includeInIndex = 0; path = Classroom.app; sourceTree = BUILT_PRODUCTS_DIR; };
		A050DBD12ADC6BCB003A230D /* ClassroomApp.swift */ = {isa = PBXFileReference; lastKnownFileType = sourcecode.swift; path = ClassroomApp.swift; sourceTree = "<group>"; };
		A050DBD32ADC6BCB003A230D /* ContentView.swift */ = {isa = PBXFileReference; lastKnownFileType = sourcecode.swift; path = ContentView.swift; sourceTree = "<group>"; };
		A050DBD52ADC6BCC003A230D /* Assets.xcassets */ = {isa = PBXFileReference; lastKnownFileType = folder.assetcatalog; path = Assets.xcassets; sourceTree = "<group>"; };
		A050DBD72ADC6BCC003A230D /* Classroom.entitlements */ = {isa = PBXFileReference; lastKnownFileType = text.plist.entitlements; path = Classroom.entitlements; sourceTree = "<group>"; };
		A050DBD92ADC6BCC003A230D /* Preview Assets.xcassets */ = {isa = PBXFileReference; lastKnownFileType = folder.assetcatalog; path = "Preview Assets.xcassets"; sourceTree = "<group>"; };
		A050DBE02ADC6C0C003A230D /* Student.swift */ = {isa = PBXFileReference; lastKnownFileType = sourcecode.swift; path = Student.swift; sourceTree = "<group>"; };
		A050DBE22ADC6C12003A230D /* Class.swift */ = {isa = PBXFileReference; lastKnownFileType = sourcecode.swift; path = Class.swift; sourceTree = "<group>"; };
		A050DBE52ADC6F3A003A230D /* Attendance.swift */ = {isa = PBXFileReference; lastKnownFileType = sourcecode.swift; path = Attendance.swift; sourceTree = "<group>"; };
		A050DBE72ADC7669003A230D /* ClassroomView.swift */ = {isa = PBXFileReference; lastKnownFileType = sourcecode.swift; path = ClassroomView.swift; sourceTree = "<group>"; };
		A050DBE92ADC77B0003A230D /* CreateClassroomView.swift */ = {isa = PBXFileReference; lastKnownFileType = sourcecode.swift; path = CreateClassroomView.swift; sourceTree = "<group>"; };
		A050DBEB2ADC78AB003A230D /* StudentView.swift */ = {isa = PBXFileReference; lastKnownFileType = sourcecode.swift; path = StudentView.swift; sourceTree = "<group>"; };
		A0C0265B2ADDAA3600E3CC81 /* EditClassroomView.swift */ = {isa = PBXFileReference; lastKnownFileType = sourcecode.swift; path = EditClassroomView.swift; sourceTree = "<group>"; };
		A0C0265D2ADDB30500E3CC81 /* Info.plist */ = {isa = PBXFileReference; lastKnownFileType = text.plist; path = Info.plist; sourceTree = "<group>"; };
/* End PBXFileReference section */

/* Begin PBXFrameworksBuildPhase section */
		A050DBCB2ADC6BCB003A230D /* Frameworks */ = {
			isa = PBXFrameworksBuildPhase;
			buildActionMask = 2147483647;
			files = (
			);
			runOnlyForDeploymentPostprocessing = 0;
		};
/* End PBXFrameworksBuildPhase section */

/* Begin PBXGroup section */
		A050DBC52ADC6BCB003A230D = {
			isa = PBXGroup;
			children = (
				A050DBD02ADC6BCB003A230D /* Classroom */,
				A050DBCF2ADC6BCB003A230D /* Products */,
			);
			sourceTree = "<group>";
		};
		A050DBCF2ADC6BCB003A230D /* Products */ = {
			isa = PBXGroup;
			children = (
				A050DBCE2ADC6BCB003A230D /* Classroom.app */,
			);
			name = Products;
			sourceTree = "<group>";
		};
		A050DBD02ADC6BCB003A230D /* Classroom */ = {
			isa = PBXGroup;
			children = (
				A0C0265D2ADDB30500E3CC81 /* Info.plist */,
				A050DBE42ADC6F27003A230D /* SwiftDataModels */,
				A050DBD12ADC6BCB003A230D /* ClassroomApp.swift */,
				A050DBD32ADC6BCB003A230D /* ContentView.swift */,
				A050DBD52ADC6BCC003A230D /* Assets.xcassets */,
				A050DBD72ADC6BCC003A230D /* Classroom.entitlements */,
				A050DBD82ADC6BCC003A230D /* Preview Content */,
				A050DBE72ADC7669003A230D /* ClassroomView.swift */,
				A0C0265B2ADDAA3600E3CC81 /* EditClassroomView.swift */,
				A050DBE92ADC77B0003A230D /* CreateClassroomView.swift */,
				A050DBEB2ADC78AB003A230D /* StudentView.swift */,
				A0422C4F2AE3A913005E9E97 /* Menus.swift */,
			);
			path = Classroom;
			sourceTree = "<group>";
		};
		A050DBD82ADC6BCC003A230D /* Preview Content */ = {
			isa = PBXGroup;
			children = (
				A050DBD92ADC6BCC003A230D /* Preview Assets.xcassets */,
			);
			path = "Preview Content";
			sourceTree = "<group>";
		};
		A050DBE42ADC6F27003A230D /* SwiftDataModels */ = {
			isa = PBXGroup;
			children = (
				A050DBE22ADC6C12003A230D /* Class.swift */,
				A050DBE02ADC6C0C003A230D /* Student.swift */,
				A050DBE52ADC6F3A003A230D /* Attendance.swift */,
			);
			path = SwiftDataModels;
			sourceTree = "<group>";
		};
/* End PBXGroup section */

/* Begin PBXNativeTarget section */
		A050DBCD2ADC6BCB003A230D /* Classroom */ = {
			isa = PBXNativeTarget;
			buildConfigurationList = A050DBDD2ADC6BCC003A230D /* Build configuration list for PBXNativeTarget "Classroom" */;
			buildPhases = (
				A050DBCA2ADC6BCB003A230D /* Sources */,
				A050DBCB2ADC6BCB003A230D /* Frameworks */,
				A050DBCC2ADC6BCB003A230D /* Resources */,
			);
			buildRules = (
			);
			dependencies = (
			);
			name = Classroom;
			productName = Classroom;
			productReference = A050DBCE2ADC6BCB003A230D /* Classroom.app */;
			productType = "com.apple.product-type.application";
		};
/* End PBXNativeTarget section */

/* Begin PBXProject section */
		A050DBC62ADC6BCB003A230D /* Project object */ = {
			isa = PBXProject;
			attributes = {
				BuildIndependentTargetsInParallel = 1;
				LastSwiftUpdateCheck = 1500;
				LastUpgradeCheck = 1500;
				TargetAttributes = {
					A050DBCD2ADC6BCB003A230D = {
						CreatedOnToolsVersion = 15.0;
					};
				};
			};
			buildConfigurationList = A050DBC92ADC6BCB003A230D /* Build configuration list for PBXProject "Classroom" */;
			compatibilityVersion = "Xcode 14.0";
			developmentRegion = en;
			hasScannedForEncodings = 0;
			knownRegions = (
				en,
				Base,
			);
			mainGroup = A050DBC52ADC6BCB003A230D;
			productRefGroup = A050DBCF2ADC6BCB003A230D /* Products */;
			projectDirPath = "";
			projectRoot = "";
			targets = (
				A050DBCD2ADC6BCB003A230D /* Classroom */,
			);
		};
/* End PBXProject section */

/* Begin PBXResourcesBuildPhase section */
		A050DBCC2ADC6BCB003A230D /* Resources */ = {
			isa = PBXResourcesBuildPhase;
			buildActionMask = 2147483647;
			files = (
				A050DBDA2ADC6BCC003A230D /* Preview Assets.xcassets in Resources */,
				A050DBD62ADC6BCC003A230D /* Assets.xcassets in Resources */,
			);
			runOnlyForDeploymentPostprocessing = 0;
		};
/* End PBXResourcesBuildPhase section */

/* Begin PBXSourcesBuildPhase section */
		A050DBCA2ADC6BCB003A230D /* Sources */ = {
			isa = PBXSourcesBuildPhase;
			buildActionMask = 2147483647;
			files = (
				A050DBE32ADC6C12003A230D /* Class.swift in Sources */,
				A050DBD42ADC6BCB003A230D /* ContentView.swift in Sources */,
				A0422C502AE3A913005E9E97 /* Menus.swift in Sources */,
				A0C0265C2ADDAA3600E3CC81 /* EditClassroomView.swift in Sources */,
				A050DBE82ADC7669003A230D /* ClassroomView.swift in Sources */,
				A050DBEA2ADC77B0003A230D /* CreateClassroomView.swift in Sources */,
				A050DBE12ADC6C0C003A230D /* Student.swift in Sources */,
				A050DBD22ADC6BCB003A230D /* ClassroomApp.swift in Sources */,
				A050DBEC2ADC78AB003A230D /* StudentView.swift in Sources */,
				A050DBE62ADC6F3A003A230D /* Attendance.swift in Sources */,
			);
			runOnlyForDeploymentPostprocessing = 0;
		};
/* End PBXSourcesBuildPhase section */

/* Begin XCBuildConfiguration section */
		A050DBDB2ADC6BCC003A230D /* Debug */ = {
			isa = XCBuildConfiguration;
			buildSettings = {
				ALWAYS_SEARCH_USER_PATHS = NO;
				ASSETCATALOG_COMPILER_GENERATE_SWIFT_ASSET_SYMBOL_EXTENSIONS = YES;
				CLANG_ANALYZER_NONNULL = YES;
				CLANG_ANALYZER_NUMBER_OBJECT_CONVERSION = YES_AGGRESSIVE;
				CLANG_CXX_LANGUAGE_STANDARD = "gnu++20";
				CLANG_ENABLE_MODULES = YES;
				CLANG_ENABLE_OBJC_ARC = YES;
				CLANG_ENABLE_OBJC_WEAK = YES;
				CLANG_WARN_BLOCK_CAPTURE_AUTORELEASING = YES;
				CLANG_WARN_BOOL_CONVERSION = YES;
				CLANG_WARN_COMMA = YES;
				CLANG_WARN_CONSTANT_CONVERSION = YES;
				CLANG_WARN_DEPRECATED_OBJC_IMPLEMENTATIONS = YES;
				CLANG_WARN_DIRECT_OBJC_ISA_USAGE = YES_ERROR;
				CLANG_WARN_DOCUMENTATION_COMMENTS = YES;
				CLANG_WARN_EMPTY_BODY = YES;
				CLANG_WARN_ENUM_CONVERSION = YES;
				CLANG_WARN_INFINITE_RECURSION = YES;
				CLANG_WARN_INT_CONVERSION = YES;
				CLANG_WARN_NON_LITERAL_NULL_CONVERSION = YES;
				CLANG_WARN_OBJC_IMPLICIT_RETAIN_SELF = YES;
				CLANG_WARN_OBJC_LITERAL_CONVERSION = YES;
				CLANG_WARN_OBJC_ROOT_CLASS = YES_ERROR;
				CLANG_WARN_QUOTED_INCLUDE_IN_FRAMEWORK_HEADER = YES;
				CLANG_WARN_RANGE_LOOP_ANALYSIS = YES;
				CLANG_WARN_STRICT_PROTOTYPES = YES;
				CLANG_WARN_SUSPICIOUS_MOVE = YES;
				CLANG_WARN_UNGUARDED_AVAILABILITY = YES_AGGRESSIVE;
				CLANG_WARN_UNREACHABLE_CODE = YES;
				CLANG_WARN__DUPLICATE_METHOD_MATCH = YES;
				COPY_PHASE_STRIP = NO;
				DEBUG_INFORMATION_FORMAT = dwarf;
				ENABLE_STRICT_OBJC_MSGSEND = YES;
				ENABLE_TESTABILITY = YES;
				ENABLE_USER_SCRIPT_SANDBOXING = YES;
				GCC_C_LANGUAGE_STANDARD = gnu17;
				GCC_DYNAMIC_NO_PIC = NO;
				GCC_NO_COMMON_BLOCKS = YES;
				GCC_OPTIMIZATION_LEVEL = 0;
				GCC_PREPROCESSOR_DEFINITIONS = (
					"DEBUG=1",
					"$(inherited)",
				);
				GCC_WARN_64_TO_32_BIT_CONVERSION = YES;
				GCC_WARN_ABOUT_RETURN_TYPE = YES_ERROR;
				GCC_WARN_UNDECLARED_SELECTOR = YES;
				GCC_WARN_UNINITIALIZED_AUTOS = YES_AGGRESSIVE;
				GCC_WARN_UNUSED_FUNCTION = YES;
				GCC_WARN_UNUSED_VARIABLE = YES;
				LOCALIZATION_PREFERS_STRING_CATALOGS = YES;
				MTL_ENABLE_DEBUG_INFO = INCLUDE_SOURCE;
				MTL_FAST_MATH = YES;
				ONLY_ACTIVE_ARCH = YES;
				SWIFT_ACTIVE_COMPILATION_CONDITIONS = "DEBUG $(inherited)";
				SWIFT_OPTIMIZATION_LEVEL = "-Onone";
			};
			name = Debug;
		};
		A050DBDC2ADC6BCC003A230D /* Release */ = {
			isa = XCBuildConfiguration;
			buildSettings = {
				ALWAYS_SEARCH_USER_PATHS = NO;
				ASSETCATALOG_COMPILER_GENERATE_SWIFT_ASSET_SYMBOL_EXTENSIONS = YES;
				CLANG_ANALYZER_NONNULL = YES;
				CLANG_ANALYZER_NUMBER_OBJECT_CONVERSION = YES_AGGRESSIVE;
				CLANG_CXX_LANGUAGE_STANDARD = "gnu++20";
				CLANG_ENABLE_MODULES = YES;
				CLANG_ENABLE_OBJC_ARC = YES;
				CLANG_ENABLE_OBJC_WEAK = YES;
				CLANG_WARN_BLOCK_CAPTURE_AUTORELEASING = YES;
				CLANG_WARN_BOOL_CONVERSION = YES;
				CLANG_WARN_COMMA = YES;
				CLANG_WARN_CONSTANT_CONVERSION = YES;
				CLANG_WARN_DEPRECATED_OBJC_IMPLEMENTATIONS = YES;
				CLANG_WARN_DIRECT_OBJC_ISA_USAGE = YES_ERROR;
				CLANG_WARN_DOCUMENTATION_COMMENTS = YES;
				CLANG_WARN_EMPTY_BODY = YES;
				CLANG_WARN_ENUM_CONVERSION = YES;
				CLANG_WARN_INFINITE_RECURSION = YES;
				CLANG_WARN_INT_CONVERSION = YES;
				CLANG_WARN_NON_LITERAL_NULL_CONVERSION = YES;
				CLANG_WARN_OBJC_IMPLICIT_RETAIN_SELF = YES;
				CLANG_WARN_OBJC_LITERAL_CONVERSION = YES;
				CLANG_WARN_OBJC_ROOT_CLASS = YES_ERROR;
				CLANG_WARN_QUOTED_INCLUDE_IN_FRAMEWORK_HEADER = YES;
				CLANG_WARN_RANGE_LOOP_ANALYSIS = YES;
				CLANG_WARN_STRICT_PROTOTYPES = YES;
				CLANG_WARN_SUSPICIOUS_MOVE = YES;
				CLANG_WARN_UNGUARDED_AVAILABILITY = YES_AGGRESSIVE;
				CLANG_WARN_UNREACHABLE_CODE = YES;
				CLANG_WARN__DUPLICATE_METHOD_MATCH = YES;
				COPY_PHASE_STRIP = NO;
				DEBUG_INFORMATION_FORMAT = "dwarf-with-dsym";
				ENABLE_NS_ASSERTIONS = NO;
				ENABLE_STRICT_OBJC_MSGSEND = YES;
				ENABLE_USER_SCRIPT_SANDBOXING = YES;
				GCC_C_LANGUAGE_STANDARD = gnu17;
				GCC_NO_COMMON_BLOCKS = YES;
				GCC_WARN_64_TO_32_BIT_CONVERSION = YES;
				GCC_WARN_ABOUT_RETURN_TYPE = YES_ERROR;
				GCC_WARN_UNDECLARED_SELECTOR = YES;
				GCC_WARN_UNINITIALIZED_AUTOS = YES_AGGRESSIVE;
				GCC_WARN_UNUSED_FUNCTION = YES;
				GCC_WARN_UNUSED_VARIABLE = YES;
				LOCALIZATION_PREFERS_STRING_CATALOGS = YES;
				MTL_ENABLE_DEBUG_INFO = NO;
				MTL_FAST_MATH = YES;
				SWIFT_COMPILATION_MODE = wholemodule;
			};
			name = Release;
		};
		A050DBDE2ADC6BCC003A230D /* Debug */ = {
			isa = XCBuildConfiguration;
			buildSettings = {
				ASSETCATALOG_COMPILER_APPICON_NAME = AppIcon;
				ASSETCATALOG_COMPILER_GLOBAL_ACCENT_COLOR_NAME = AccentColor;
				CODE_SIGN_ENTITLEMENTS = Classroom/Classroom.entitlements;
				CODE_SIGN_STYLE = Automatic;
				CURRENT_PROJECT_VERSION = 1;
				DEVELOPMENT_ASSET_PATHS = "\"Classroom/Preview Content\"";
				DEVELOPMENT_TEAM = 7KN966P9LP;
				ENABLE_HARDENED_RUNTIME = YES;
				ENABLE_PREVIEWS = YES;
				GENERATE_INFOPLIST_FILE = YES;
				INFOPLIST_FILE = Classroom/Info.plist;
				"INFOPLIST_KEY_UIApplicationSceneManifest_Generation[sdk=iphoneos*]" = YES;
				"INFOPLIST_KEY_UIApplicationSceneManifest_Generation[sdk=iphonesimulator*]" = YES;
				"INFOPLIST_KEY_UIApplicationSupportsIndirectInputEvents[sdk=iphoneos*]" = YES;
				"INFOPLIST_KEY_UIApplicationSupportsIndirectInputEvents[sdk=iphonesimulator*]" = YES;
				"INFOPLIST_KEY_UILaunchScreen_Generation[sdk=iphoneos*]" = YES;
				"INFOPLIST_KEY_UILaunchScreen_Generation[sdk=iphonesimulator*]" = YES;
				"INFOPLIST_KEY_UIStatusBarStyle[sdk=iphoneos*]" = UIStatusBarStyleDefault;
				"INFOPLIST_KEY_UIStatusBarStyle[sdk=iphonesimulator*]" = UIStatusBarStyleDefault;
				INFOPLIST_KEY_UISupportedInterfaceOrientations_iPad = "UIInterfaceOrientationPortrait UIInterfaceOrientationPortraitUpsideDown UIInterfaceOrientationLandscapeLeft UIInterfaceOrientationLandscapeRight";
				INFOPLIST_KEY_UISupportedInterfaceOrientations_iPhone = "UIInterfaceOrientationPortrait UIInterfaceOrientationLandscapeLeft UIInterfaceOrientationLandscapeRight";
				IPHONEOS_DEPLOYMENT_TARGET = 17.0;
				LD_RUNPATH_SEARCH_PATHS = "@executable_path/Frameworks";
				"LD_RUNPATH_SEARCH_PATHS[sdk=macosx*]" = "@executable_path/../Frameworks";
				MACOSX_DEPLOYMENT_TARGET = 14.0;
				MARKETING_VERSION = 1.0;
				PRODUCT_BUNDLE_IDENTIFIER = com.verticalcoding.Classroom;
				PRODUCT_NAME = "$(TARGET_NAME)";
				SDKROOT = auto;
				SUPPORTED_PLATFORMS = "iphoneos iphonesimulator macosx";
				SWIFT_EMIT_LOC_STRINGS = YES;
				SWIFT_VERSION = 5.0;
				TARGETED_DEVICE_FAMILY = "1,2";
			};
			name = Debug;
		};
		A050DBDF2ADC6BCC003A230D /* Release */ = {
			isa = XCBuildConfiguration;
			buildSettings = {
				ASSETCATALOG_COMPILER_APPICON_NAME = AppIcon;
				ASSETCATALOG_COMPILER_GLOBAL_ACCENT_COLOR_NAME = AccentColor;
				CODE_SIGN_ENTITLEMENTS = Classroom/Classroom.entitlements;
				CODE_SIGN_STYLE = Automatic;
				CURRENT_PROJECT_VERSION = 1;
				DEVELOPMENT_ASSET_PATHS = "\"Classroom/Preview Content\"";
				DEVELOPMENT_TEAM = 7KN966P9LP;
				ENABLE_HARDENED_RUNTIME = YES;
				ENABLE_PREVIEWS = YES;
				GENERATE_INFOPLIST_FILE = YES;
				INFOPLIST_FILE = Classroom/Info.plist;
				"INFOPLIST_KEY_UIApplicationSceneManifest_Generation[sdk=iphoneos*]" = YES;
				"INFOPLIST_KEY_UIApplicationSceneManifest_Generation[sdk=iphonesimulator*]" = YES;
				"INFOPLIST_KEY_UIApplicationSupportsIndirectInputEvents[sdk=iphoneos*]" = YES;
				"INFOPLIST_KEY_UIApplicationSupportsIndirectInputEvents[sdk=iphonesimulator*]" = YES;
				"INFOPLIST_KEY_UILaunchScreen_Generation[sdk=iphoneos*]" = YES;
				"INFOPLIST_KEY_UILaunchScreen_Generation[sdk=iphonesimulator*]" = YES;
				"INFOPLIST_KEY_UIStatusBarStyle[sdk=iphoneos*]" = UIStatusBarStyleDefault;
				"INFOPLIST_KEY_UIStatusBarStyle[sdk=iphonesimulator*]" = UIStatusBarStyleDefault;
				INFOPLIST_KEY_UISupportedInterfaceOrientations_iPad = "UIInterfaceOrientationPortrait UIInterfaceOrientationPortraitUpsideDown UIInterfaceOrientationLandscapeLeft UIInterfaceOrientationLandscapeRight";
				INFOPLIST_KEY_UISupportedInterfaceOrientations_iPhone = "UIInterfaceOrientationPortrait UIInterfaceOrientationLandscapeLeft UIInterfaceOrientationLandscapeRight";
				IPHONEOS_DEPLOYMENT_TARGET = 17.0;
				LD_RUNPATH_SEARCH_PATHS = "@executable_path/Frameworks";
				"LD_RUNPATH_SEARCH_PATHS[sdk=macosx*]" = "@executable_path/../Frameworks";
				MACOSX_DEPLOYMENT_TARGET = 14.0;
				MARKETING_VERSION = 1.0;
				PRODUCT_BUNDLE_IDENTIFIER = com.verticalcoding.Classroom;
				PRODUCT_NAME = "$(TARGET_NAME)";
				SDKROOT = auto;
				SUPPORTED_PLATFORMS = "iphoneos iphonesimulator macosx";
				SWIFT_EMIT_LOC_STRINGS = YES;
				SWIFT_VERSION = 5.0;
				TARGETED_DEVICE_FAMILY = "1,2";
			};
			name = Release;
		};
/* End XCBuildConfiguration section */

/* Begin XCConfigurationList section */
		A050DBC92ADC6BCB003A230D /* Build configuration list for PBXProject "Classroom" */ = {
			isa = XCConfigurationList;
			buildConfigurations = (
				A050DBDB2ADC6BCC003A230D /* Debug */,
				A050DBDC2ADC6BCC003A230D /* Release */,
			);
			defaultConfigurationIsVisible = 0;
			defaultConfigurationName = Release;
		};
		A050DBDD2ADC6BCC003A230D /* Build configuration list for PBXNativeTarget "Classroom" */ = {
			isa = XCConfigurationList;
			buildConfigurations = (
				A050DBDE2ADC6BCC003A230D /* Debug */,
				A050DBDF2ADC6BCC003A230D /* Release */,
			);
			defaultConfigurationIsVisible = 0;
			defaultConfigurationName = Release;
		};
/* End XCConfigurationList section */
	};
	rootObject = A050DBC62ADC6BCB003A230D /* Project object */;
}
